{
  "version": 4,
  "terraform_version": "1.4.6",
  "serial": 3,
  "lineage": "0b619000-cfe3-97bd-f2b1-3e9f1202819f",
  "outputs": {},
  "resources": [
    {
      "mode": "managed",
      "type": "google_monitoring_notification_channel",
      "name": "email",
      "provider": "provider[\"registry.terraform.io/hashicorp/google\"]",
      "instances": [
        {
          "schema_version": 0,
          "attributes": {
            "description": "",
            "display_name": "Email Notification Channel",
            "enabled": true,
            "force_delete": false,
            "id": "projects/gcp-practice-392604/notificationChannels/3486989444783356682",
            "labels": {
              "email_address": "sreekanth.kokkanti@gmail.com"
            },
            "name": "projects/gcp-practice-392604/notificationChannels/3486989444783356682",
            "project": "gcp-practice-392604",
            "sensitive_labels": [],
            "timeouts": null,
            "type": "email",
            "user_labels": null,
            "verification_status": ""
          },
          "sensitive_attributes": [],
          "private": "eyJlMmJmYjczMC1lY2FhLTExZTYtOGY4OC0zNDM2M2JjN2M0YzAiOnsiY3JlYXRlIjoxMjAwMDAwMDAwMDAwLCJkZWxldGUiOjEyMDAwMDAwMDAwMDAsInVwZGF0ZSI6MTIwMDAwMDAwMDAwMH19"
        }
      ]
    }
  ],
  "check_results": null
}
